// !$*UTF8*$!
{
	archiveVersion = 1;
	classes = {
	};
	objectVersion = 55;
	objects = {

/* Begin PBXBuildFile section */
		36549DEF27A2464800935A06 /* AppDelegate.m in Sources */ = {isa = PBXBuildFile; fileRef = 36549DEE27A2464800935A06 /* AppDelegate.m */; };
		36549DF227A2464800935A06 /* SceneDelegate.m in Sources */ = {isa = PBXBuildFile; fileRef = 36549DF127A2464800935A06 /* SceneDelegate.m */; };
		36549DF527A2464800935A06 /* ViewController.m in Sources */ = {isa = PBXBuildFile; fileRef = 36549DF427A2464800935A06 /* ViewController.m */; };
		36549DF827A2464800935A06 /* Main.storyboard in Resources */ = {isa = PBXBuildFile; fileRef = 36549DF627A2464800935A06 /* Main.storyboard */; };
		36549DFA27A2464900935A06 /* Assets.xcassets in Resources */ = {isa = PBXBuildFile; fileRef = 36549DF927A2464900935A06 /* Assets.xcassets */; };
		36549DFD27A2464900935A06 /* LaunchScreen.storyboard in Resources */ = {isa = PBXBuildFile; fileRef = 36549DFB27A2464900935A06 /* LaunchScreen.storyboard */; };
		36549E0027A2464900935A06 /* main.m in Sources */ = {isa = PBXBuildFile; fileRef = 36549DFF27A2464900935A06 /* main.m */; };
		36549E0927A2468F00935A06 /* IMYAppGrayStyle.m in Sources */ = {isa = PBXBuildFile; fileRef = 36549E0827A2468F00935A06 /* IMYAppGrayStyle.m */; };
		36549E1527A24D8B00935A06 /* picture.jpg in Resources */ = {isa = PBXBuildFile; fileRef = 36549E1427A24D8B00935A06 /* picture.jpg */; };
/* End PBXBuildFile section */

/* Begin PBXFileReference section */
		36549DEA27A2464800935A06 /* IMYAppGrayStyle.app */ = {isa = PBXFileReference; explicitFileType = wrapper.application; includeInIndex = 0; path = IMYAppGrayStyle.app; sourceTree = BUILT_PRODUCTS_DIR; };
		36549DED27A2464800935A06 /* AppDelegate.h */ = {isa = PBXFileReference; lastKnownFileType = sourcecode.c.h; path = AppDelegate.h; sourceTree = "<group>"; };
		36549DEE27A2464800935A06 /* AppDelegate.m */ = {isa = PBXFileReference; lastKnownFileType = sourcecode.c.objc; path = AppDelegate.m; sourceTree = "<group>"; };
		36549DF027A2464800935A06 /* SceneDelegate.h */ = {isa = PBXFileReference; lastKnownFileType = sourcecode.c.h; path = SceneDelegate.h; sourceTree = "<group>"; };
		36549DF127A2464800935A06 /* SceneDelegate.m */ = {isa = PBXFileReference; lastKnownFileType = sourcecode.c.objc; path = SceneDelegate.m; sourceTree = "<group>"; };
		36549DF327A2464800935A06 /* ViewController.h */ = {isa = PBXFileReference; lastKnownFileType = sourcecode.c.h; path = ViewController.h; sourceTree = "<group>"; };
		36549DF427A2464800935A06 /* ViewController.m */ = {isa = PBXFileReference; lastKnownFileType = sourcecode.c.objc; path = ViewController.m; sourceTree = "<group>"; };
		36549DF727A2464800935A06 /* Base */ = {isa = PBXFileReference; lastKnownFileType = file.storyboard; name = Base; path = Base.lproj/Main.storyboard; sourceTree = "<group>"; };
		36549DF927A2464900935A06 /* Assets.xcassets */ = {isa = PBXFileReference; lastKnownFileType = folder.assetcatalog; path = Assets.xcassets; sourceTree = "<group>"; };
		36549DFC27A2464900935A06 /* Base */ = {isa = PBXFileReference; lastKnownFileType = file.storyboard; name = Base; path = Base.lproj/LaunchScreen.storyboard; sourceTree = "<group>"; };
		36549DFE27A2464900935A06 /* Info.plist */ = {isa = PBXFileReference; lastKnownFileType = text.plist.xml; path = Info.plist; sourceTree = "<group>"; };
		36549DFF27A2464900935A06 /* main.m */ = {isa = PBXFileReference; lastKnownFileType = sourcecode.c.objc; path = main.m; sourceTree = "<group>"; };
		36549E0727A2468F00935A06 /* IMYAppGrayStyle.h */ = {isa = PBXFileReference; lastKnownFileType = sourcecode.c.h; path = IMYAppGrayStyle.h; sourceTree = "<group>"; };
		36549E0827A2468F00935A06 /* IMYAppGrayStyle.m */ = {isa = PBXFileReference; lastKnownFileType = sourcecode.c.objc; path = IMYAppGrayStyle.m; sourceTree = "<group>"; };
		36549E1427A24D8B00935A06 /* picture.jpg */ = {isa = PBXFileReference; lastKnownFileType = image.jpeg; path = picture.jpg; sourceTree = "<group>"; };
/* End PBXFileReference section */

/* Begin PBXFrameworksBuildPhase section */
		36549DE727A2464800935A06 /* Frameworks */ = {
			isa = PBXFrameworksBuildPhase;
			buildActionMask = 2147483647;
			files = (
			);
			runOnlyForDeploymentPostprocessing = 0;
		};
/* End PBXFrameworksBuildPhase section */

/* Begin PBXGroup section */
		36549DE127A2464800935A06 = {
			isa = PBXGroup;
			children = (
				36549E0627A2467700935A06 /* Source */,
				36549DEC27A2464800935A06 /* IMYAppGrayStyle */,
				36549DEB27A2464800935A06 /* Products */,
			);
			sourceTree = "<group>";
		};
		36549DEB27A2464800935A06 /* Products */ = {
			isa = PBXGroup;
			children = (
				36549DEA27A2464800935A06 /* IMYAppGrayStyle.app */,
			);
			name = Products;
			sourceTree = "<group>";
		};
		36549DEC27A2464800935A06 /* IMYAppGrayStyle */ = {
			isa = PBXGroup;
			children = (
				36549E1427A24D8B00935A06 /* picture.jpg */,
				36549DED27A2464800935A06 /* AppDelegate.h */,
				36549DEE27A2464800935A06 /* AppDelegate.m */,
				36549DF027A2464800935A06 /* SceneDelegate.h */,
				36549DF127A2464800935A06 /* SceneDelegate.m */,
				36549DF327A2464800935A06 /* ViewController.h */,
				36549DF427A2464800935A06 /* ViewController.m */,
				36549DF627A2464800935A06 /* Main.storyboard */,
				36549DF927A2464900935A06 /* Assets.xcassets */,
				36549DFB27A2464900935A06 /* LaunchScreen.storyboard */,
				36549DFE27A2464900935A06 /* Info.plist */,
				36549DFF27A2464900935A06 /* main.m */,
			);
			path = IMYAppGrayStyle;
			sourceTree = "<group>";
		};
		36549E0627A2467700935A06 /* Source */ = {
			isa = PBXGroup;
			children = (
				36549E0727A2468F00935A06 /* IMYAppGrayStyle.h */,
				36549E0827A2468F00935A06 /* IMYAppGrayStyle.m */,
			);
			path = Source;
			sourceTree = "<group>";
		};
/* End PBXGroup section */

/* Begin PBXNativeTarget section */
		36549DE927A2464800935A06 /* IMYAppGrayStyle */ = {
			isa = PBXNativeTarget;
			buildConfigurationList = 36549E0327A2464900935A06 /* Build configuration list for PBXNativeTarget "IMYAppGrayStyle" */;
			buildPhases = (
				36549DE627A2464800935A06 /* Sources */,
				36549DE727A2464800935A06 /* Frameworks */,
				36549DE827A2464800935A06 /* Resources */,
			);
			buildRules = (
			);
			dependencies = (
			);
			name = IMYAppGrayStyle;
			productName = IMYAppGrayStyle;
			productReference = 36549DEA27A2464800935A06 /* IMYAppGrayStyle.app */;
			productType = "com.apple.product-type.application";
		};
/* End PBXNativeTarget section */

/* Begin PBXProject section */
		36549DE227A2464800935A06 /* Project object */ = {
			isa = PBXProject;
			attributes = {
				BuildIndependentTargetsInParallel = 1;
				LastUpgradeCheck = 1320;
				TargetAttributes = {
					36549DE927A2464800935A06 = {
						CreatedOnToolsVersion = 13.2.1;
					};
				};
			};
			buildConfigurationList = 36549DE527A2464800935A06 /* Build configuration list for PBXProject "IMYAppGrayStyle" */;
			compatibilityVersion = "Xcode 13.0";
			developmentRegion = en;
			hasScannedForEncodings = 0;
			knownRegions = (
				en,
				Base,
			);
			mainGroup = 36549DE127A2464800935A06;
			productRefGroup = 36549DEB27A2464800935A06 /* Products */;
			projectDirPath = "";
			projectRoot = "";
			targets = (
				36549DE927A2464800935A06 /* IMYAppGrayStyle */,
			);
		};
/* End PBXProject section */

/* Begin PBXResourcesBuildPhase section */
		36549DE827A2464800935A06 /* Resources */ = {
			isa = PBXResourcesBuildPhase;
			buildActionMask = 2147483647;
			files = (
				36549DFD27A2464900935A06 /* LaunchScreen.storyboard in Resources */,
				36549E1527A24D8B00935A06 /* picture.jpg in Resources */,
				36549DFA27A2464900935A06 /* Assets.xcassets in Resources */,
				36549DF827A2464800935A06 /* Main.storyboard in Resources */,
			);
			runOnlyForDeploymentPostprocessing = 0;
		};
/* End PBXResourcesBuildPhase section */

/* Begin PBXSourcesBuildPhase section */
		36549DE627A2464800935A06 /* Sources */ = {
			isa = PBXSourcesBuildPhase;
			buildActionMask = 2147483647;
			files = (
				36549DF527A2464800935A06 /* ViewController.m in Sources */,
				36549E0927A2468F00935A06 /* IMYAppGrayStyle.m in Sources */,
				36549DEF27A2464800935A06 /* AppDelegate.m in Sources */,
				36549E0027A2464900935A06 /* main.m in Sources */,
				36549DF227A2464800935A06 /* SceneDelegate.m in Sources */,
			);
			runOnlyForDeploymentPostprocessing = 0;
		};
/* End PBXSourcesBuildPhase section */

/* Begin PBXVariantGroup section */
		36549DF627A2464800935A06 /* Main.storyboard */ = {
			isa = PBXVariantGroup;
			children = (
				36549DF727A2464800935A06 /* Base */,
			);
			name = Main.storyboard;
			sourceTree = "<group>";
		};
		36549DFB27A2464900935A06 /* LaunchScreen.storyboard */ = {
			isa = PBXVariantGroup;
			children = (
				36549DFC27A2464900935A06 /* Base */,
			);
			name = LaunchScreen.storyboard;
			sourceTree = "<group>";
		};
/* End PBXVariantGroup section */

/* Begin XCBuildConfiguration section */
		36549E0127A2464900935A06 /* Debug */ = {
			isa = XCBuildConfiguration;
			buildSettings = {
				ALWAYS_SEARCH_USER_PATHS = NO;
				CLANG_ANALYZER_NONNULL = YES;
				CLANG_ANALYZER_NUMBER_OBJECT_CONVERSION = YES_AGGRESSIVE;
				CLANG_CXX_LANGUAGE_STANDARD = "gnu++17";
				CLANG_CXX_LIBRARY = "libc++";
				CLANG_ENABLE_MODULES = YES;
				CLANG_ENABLE_OBJC_ARC = YES;
				CLANG_ENABLE_OBJC_WEAK = YES;
				CLANG_WARN_BLOCK_CAPTURE_AUTORELEASING = YES;
				CLANG_WARN_BOOL_CONVERSION = YES;
				CLANG_WARN_COMMA = YES;
				CLANG_WARN_CONSTANT_CONVERSION = YES;
				CLANG_WARN_DEPRECATED_OBJC_IMPLEMENTATIONS = YES;
				CLANG_WARN_DIRECT_OBJC_ISA_USAGE = YES_ERROR;
				CLANG_WARN_DOCUMENTATION_COMMENTS = YES;
				CLANG_WARN_EMPTY_BODY = YES;
				CLANG_WARN_ENUM_CONVERSION = YES;
				CLANG_WARN_INFINITE_RECURSION = YES;
				CLANG_WARN_INT_CONVERSION = YES;
				CLANG_WARN_NON_LITERAL_NULL_CONVERSION = YES;
				CLANG_WARN_OBJC_IMPLICIT_RETAIN_SELF = YES;
				CLANG_WARN_OBJC_LITERAL_CONVERSION = YES;
				CLANG_WARN_OBJC_ROOT_CLASS = YES_ERROR;
				CLANG_WARN_QUOTED_INCLUDE_IN_FRAMEWORK_HEADER = YES;
				CLANG_WARN_RANGE_LOOP_ANALYSIS = YES;
				CLANG_WARN_STRICT_PROTOTYPES = YES;
				CLANG_WARN_SUSPICIOUS_MOVE = YES;
				CLANG_WARN_UNGUARDED_AVAILABILITY = YES_AGGRESSIVE;
				CLANG_WARN_UNREACHABLE_CODE = YES;
				CLANG_WARN__DUPLICATE_METHOD_MATCH = YES;
				COPY_PHASE_STRIP = NO;
				DEBUG_INFORMATION_FORMAT = dwarf;
				ENABLE_STRICT_OBJC_MSGSEND = YES;
				ENABLE_TESTABILITY = YES;
				GCC_C_LANGUAGE_STANDARD = gnu11;
				GCC_DYNAMIC_NO_PIC = NO;
				GCC_NO_COMMON_BLOCKS = YES;
				GCC_OPTIMIZATION_LEVEL = 0;
				GCC_PREPROCESSOR_DEFINITIONS = (
					"DEBUG=1",
					"$(inherited)",
				);
				GCC_WARN_64_TO_32_BIT_CONVERSION = YES;
				GCC_WARN_ABOUT_RETURN_TYPE = YES_ERROR;
				GCC_WARN_UNDECLARED_SELECTOR = YES;
				GCC_WARN_UNINITIALIZED_AUTOS = YES_AGGRESSIVE;
				GCC_WARN_UNUSED_FUNCTION = YES;
				GCC_WARN_UNUSED_VARIABLE = YES;
				IPHONEOS_DEPLOYMENT_TARGET = 9.0;
				MTL_ENABLE_DEBUG_INFO = INCLUDE_SOURCE;
				MTL_FAST_MATH = YES;
				ONLY_ACTIVE_ARCH = YES;
				SDKROOT = iphoneos;
			};
			name = Debug;
		};
		36549E0227A2464900935A06 /* Release */ = {
			isa = XCBuildConfiguration;
			buildSettings = {
				ALWAYS_SEARCH_USER_PATHS = NO;
				CLANG_ANALYZER_NONNULL = YES;
				CLANG_ANALYZER_NUMBER_OBJECT_CONVERSION = YES_AGGRESSIVE;
				CLANG_CXX_LANGUAGE_STANDARD = "gnu++17";
				CLANG_CXX_LIBRARY = "libc++";
				CLANG_ENABLE_MODULES = YES;
				CLANG_ENABLE_OBJC_ARC = YES;
				CLANG_ENABLE_OBJC_WEAK = YES;
				CLANG_WARN_BLOCK_CAPTURE_AUTORELEASING = YES;
				CLANG_WARN_BOOL_CONVERSION = YES;
				CLANG_WARN_COMMA = YES;
				CLANG_WARN_CONSTANT_CONVERSION = YES;
				CLANG_WARN_DEPRECATED_OBJC_IMPLEMENTATIONS = YES;
				CLANG_WARN_DIRECT_OBJC_ISA_USAGE = YES_ERROR;
				CLANG_WARN_DOCUMENTATION_COMMENTS = YES;
				CLANG_WARN_EMPTY_BODY = YES;
				CLANG_WARN_ENUM_CONVERSION = YES;
				CLANG_WARN_INFINITE_RECURSION = YES;
				CLANG_WARN_INT_CONVERSION = YES;
				CLANG_WARN_NON_LITERAL_NULL_CONVERSION = YES;
				CLANG_WARN_OBJC_IMPLICIT_RETAIN_SELF = YES;
				CLANG_WARN_OBJC_LITERAL_CONVERSION = YES;
				CLANG_WARN_OBJC_ROOT_CLASS = YES_ERROR;
				CLANG_WARN_QUOTED_INCLUDE_IN_FRAMEWORK_HEADER = YES;
				CLANG_WARN_RANGE_LOOP_ANALYSIS = YES;
				CLANG_WARN_STRICT_PROTOTYPES = YES;
				CLANG_WARN_SUSPICIOUS_MOVE = YES;
				CLANG_WARN_UNGUARDED_AVAILABILITY = YES_AGGRESSIVE;
				CLANG_WARN_UNREACHABLE_CODE = YES;
				CLANG_WARN__DUPLICATE_METHOD_MATCH = YES;
				COPY_PHASE_STRIP = NO;
				DEBUG_INFORMATION_FORMAT = "dwarf-with-dsym";
				ENABLE_NS_ASSERTIONS = NO;
				ENABLE_STRICT_OBJC_MSGSEND = YES;
				GCC_C_LANGUAGE_STANDARD = gnu11;
				GCC_NO_COMMON_BLOCKS = YES;
				GCC_WARN_64_TO_32_BIT_CONVERSION = YES;
				GCC_WARN_ABOUT_RETURN_TYPE = YES_ERROR;
				GCC_WARN_UNDECLARED_SELECTOR = YES;
				GCC_WARN_UNINITIALIZED_AUTOS = YES_AGGRESSIVE;
				GCC_WARN_UNUSED_FUNCTION = YES;
				GCC_WARN_UNUSED_VARIABLE = YES;
				IPHONEOS_DEPLOYMENT_TARGET = 9.0;
				MTL_ENABLE_DEBUG_INFO = NO;
				MTL_FAST_MATH = YES;
				SDKROOT = iphoneos;
				VALIDATE_PRODUCT = YES;
			};
			name = Release;
		};
		36549E0427A2464900935A06 /* Debug */ = {
			isa = XCBuildConfiguration;
			buildSettings = {
				ASSETCATALOG_COMPILER_APPICON_NAME = AppIcon;
				ASSETCATALOG_COMPILER_GLOBAL_ACCENT_COLOR_NAME = AccentColor;
				CODE_SIGN_STYLE = Automatic;
				CURRENT_PROJECT_VERSION = 1;
				DEVELOPMENT_TEAM = 588AWE66S7;
				GENERATE_INFOPLIST_FILE = YES;
				INFOPLIST_FILE = IMYAppGrayStyle/Info.plist;
				INFOPLIST_KEY_UIApplicationSupportsIndirectInputEvents = YES;
				INFOPLIST_KEY_UILaunchStoryboardName = LaunchScreen;
				INFOPLIST_KEY_UIMainStoryboardFile = Main;
				INFOPLIST_KEY_UISupportedInterfaceOrientations_iPad = "UIInterfaceOrientationPortrait UIInterfaceOrientationPortraitUpsideDown UIInterfaceOrientationLandscapeLeft UIInterfaceOrientationLandscapeRight";
				INFOPLIST_KEY_UISupportedInterfaceOrientations_iPhone = "UIInterfaceOrientationPortrait UIInterfaceOrientationLandscapeLeft UIInterfaceOrientationLandscapeRight";
				IPHONEOS_DEPLOYMENT_TARGET = 9.0;
				LD_RUNPATH_SEARCH_PATHS = (
					"$(inherited)",
					"@executable_path/Frameworks",
				);
				MARKETING_VERSION = 1.0;
				PRODUCT_BUNDLE_IDENTIFIER = com.ljh.graystyle.IMYAppGrayStyle;
				PRODUCT_NAME = "$(TARGET_NAME)";
				SWIFT_EMIT_LOC_STRINGS = YES;
				TARGETED_DEVICE_FAMILY = "1,2";
			};
			name = Debug;
		};
		36549E0527A2464900935A06 /* Release */ = {
			isa = XCBuildConfiguration;
			buildSettings = {
				ASSETCATALOG_COMPILER_APPICON_NAME = AppIcon;
				ASSETCATALOG_COMPILER_GLOBAL_ACCENT_COLOR_NAME = AccentColor;
				CODE_SIGN_STYLE = Automatic;
				CURRENT_PROJECT_VERSION = 1;
				DEVELOPMENT_TEAM = 588AWE66S7;
				GENERATE_INFOPLIST_FILE = YES;
				INFOPLIST_FILE = IMYAppGrayStyle/Info.plist;
				INFOPLIST_KEY_UIApplicationSupportsIndirectInputEvents = YES;
				INFOPLIST_KEY_UILaunchStoryboardName = LaunchScreen;
				INFOPLIST_KEY_UIMainStoryboardFile = Main;
				INFOPLIST_KEY_UISupportedInterfaceOrientations_iPad = "UIInterfaceOrientationPortrait UIInterfaceOrientationPortraitUpsideDown UIInterfaceOrientationLandscapeLeft UIInterfaceOrientationLandscapeRight";
				INFOPLIST_KEY_UISupportedInterfaceOrientations_iPhone = "UIInterfaceOrientationPortrait UIInterfaceOrientationLandscapeLeft UIInterfaceOrientationLandscapeRight";
				IPHONEOS_DEPLOYMENT_TARGET = 9.0;
				LD_RUNPATH_SEARCH_PATHS = (
					"$(inherited)",
					"@executable_path/Frameworks",
				);
				MARKETING_VERSION = 1.0;
				PRODUCT_BUNDLE_IDENTIFIER = com.ljh.graystyle.IMYAppGrayStyle;
				PRODUCT_NAME = "$(TARGET_NAME)";
				SWIFT_EMIT_LOC_STRINGS = YES;
				TARGETED_DEVICE_FAMILY = "1,2";
			};
			name = Release;
		};
/* End XCBuildConfiguration section */

/* Begin XCConfigurationList section */
		36549DE527A2464800935A06 /* Build configuration list for PBXProject "IMYAppGrayStyle" */ = {
			isa = XCConfigurationList;
			buildConfigurations = (
				36549E0127A2464900935A06 /* Debug */,
				36549E0227A2464900935A06 /* Release */,
			);
			defaultConfigurationIsVisible = 0;
			defaultConfigurationName = Release;
		};
		36549E0327A2464900935A06 /* Build configuration list for PBXNativeTarget "IMYAppGrayStyle" */ = {
			isa = XCConfigurationList;
			buildConfigurations = (
				36549E0427A2464900935A06 /* Debug */,
				36549E0527A2464900935A06 /* Release */,
			);
			defaultConfigurationIsVisible = 0;
			defaultConfigurationName = Release;
		};
/* End XCConfigurationList section */
	};
	rootObject = 36549DE227A2464800935A06 /* Project object */;
}
